
Microsoft Visual Studio Solution File, Format Version 12.00
# Visual Studio Version 16
VisualStudioVersion = 16.0.30621.155
MinimumVisualStudioVersion = 10.0.40219.1
Project("{2150E333-8FDC-42A3-9474-1A3956D46DE8}") = "Tests", "Tests", "{9121AF80-CE18-48B1-957D-C6262BE11E67}"
EndProject
Project("{FAE04EC0-301F-11D3-BF4B-00C04F79EFBC}") = "MoneyExampleTests", "MoneyExampleTests\MoneyExampleTests.csproj", "{7DB4612F-779F-4728-BFD0-4BBA4862B8A8}"
EndProject
Project("{FAE04EC0-301F-11D3-BF4B-00C04F79EFBC}") = "MoneyExample", "MoneyExample\MoneyExample.csproj", "{15F1EC8B-7D1F-45C8-AE8A-A69019F51254}"
EndProject
Global
	GlobalSection(SolutionConfigurationPlatforms) = preSolution
		Debug|Any CPU = Debug|Any CPU
		Release|Any CPU = Release|Any CPU
	EndGlobalSection
	GlobalSection(ProjectConfigurationPlatforms) = postSolution
		{7DB4612F-779F-4728-BFD0-4BBA4862B8A8}.Debug|Any CPU.ActiveCfg = Debug|Any CPU
		{7DB4612F-779F-4728-BFD0-4BBA4862B8A8}.Debug|Any CPU.Build.0 = Debug|Any CPU
		{7DB4612F-779F-4728-BFD0-4BBA4862B8A8}.Release|Any CPU.ActiveCfg = Release|Any CPU
		{7DB4612F-779F-4728-BFD0-4BBA4862B8A8}.Release|Any CPU.Build.0 = Release|Any CPU
		{15F1EC8B-7D1F-45C8-AE8A-A69019F51254}.Debug|Any CPU.ActiveCfg = Debug|Any CPU
		{15F1EC8B-7D1F-45C8-AE8A-A69019F51254}.Debug|Any CPU.Build.0 = Debug|Any CPU
		{15F1EC8B-7D1F-45C8-AE8A-A69019F51254}.Release|Any CPU.ActiveCfg = Release|Any CPU
		{15F1EC8B-7D1F-45C8-AE8A-A69019F51254}.Release|Any CPU.Build.0 = Release|Any CPU
	EndGlobalSection
	GlobalSection(SolutionProperties) = preSolution
		HideSolutionNode = FALSE
	EndGlobalSection
	GlobalSection(NestedProjects) = preSolution
		{7DB4612F-779F-4728-BFD0-4BBA4862B8A8} = {9121AF80-CE18-48B1-957D-C6262BE11E67}
	EndGlobalSection
	GlobalSection(ExtensibilityGlobals) = postSolution
		SolutionGuid = {3F4FA44D-52EB-4CB7-8AA4-1F9C8BBE9B63}
	EndGlobalSection
EndGlobal
